
Microsoft Visual Studio Solution File, Format Version 12.00
# Visual Studio Version 17
VisualStudioVersion = 17.6.33815.320
MinimumVisualStudioVersion = 10.0.40219.1
Project("{FAE04EC0-301F-11D3-BF4B-00C04F79EFBC}") = "Provincias", "Provincias\Provincias.csproj", "{5B418E69-BFEC-497C-9070-1FE595D2DF6F}"
EndProject
Global
	GlobalSection(SolutionConfigurationPlatforms) = preSolution
		Debug|Any CPU = Debug|Any CPU
		Release|Any CPU = Release|Any CPU
	EndGlobalSection
	GlobalSection(ProjectConfigurationPlatforms) = postSolution
		{5B418E69-BFEC-497C-9070-1FE595D2DF6F}.Debug|Any CPU.ActiveCfg = Debug|Any CPU
		{5B418E69-BFEC-497C-9070-1FE595D2DF6F}.Debug|Any CPU.Build.0 = Debug|Any CPU
		{5B418E69-BFEC-497C-9070-1FE595D2DF6F}.Release|Any CPU.ActiveCfg = Release|Any CPU
		{5B418E69-BFEC-497C-9070-1FE595D2DF6F}.Release|Any CPU.Build.0 = Release|Any CPU
	EndGlobalSection
	GlobalSection(SolutionProperties) = preSolution
		HideSolutionNode = FALSE
	EndGlobalSection
	GlobalSection(ExtensibilityGlobals) = postSolution
		SolutionGuid = {A830FF62-E4DA-4163-B4CD-686BE6E53C51}
	EndGlobalSection
EndGlobal
