
Microsoft Visual Studio Solution File, Format Version 12.00
# Visual Studio Version 17
VisualStudioVersion = 17.7.34202.233
MinimumVisualStudioVersion = 10.0.40219.1
Project("{FAE04EC0-301F-11D3-BF4B-00C04F79EFBC}") = "WebSite", "WebSite\WebSite.csproj", "{B74CF2DD-47D9-4BED-93D5-4B9106E13692}"
EndProject
Global
	GlobalSection(SolutionConfigurationPlatforms) = preSolution
		Debug|Any CPU = Debug|Any CPU
		Release|Any CPU = Release|Any CPU
	EndGlobalSection
	GlobalSection(ProjectConfigurationPlatforms) = postSolution
		{B74CF2DD-47D9-4BED-93D5-4B9106E13692}.Debug|Any CPU.ActiveCfg = Debug|Any CPU
		{B74CF2DD-47D9-4BED-93D5-4B9106E13692}.Debug|Any CPU.Build.0 = Debug|Any CPU
		{B74CF2DD-47D9-4BED-93D5-4B9106E13692}.Release|Any CPU.ActiveCfg = Release|Any CPU
		{B74CF2DD-47D9-4BED-93D5-4B9106E13692}.Release|Any CPU.Build.0 = Release|Any CPU
	EndGlobalSection
	GlobalSection(SolutionProperties) = preSolution
		HideSolutionNode = FALSE
	EndGlobalSection
	GlobalSection(ExtensibilityGlobals) = postSolution
		SolutionGuid = {E0D344A1-FB36-4FAC-9288-FE5B51D6A631}
	EndGlobalSection
EndGlobal
